Microsoft Visual Studio Solution File, Format Version 12.00
# Visual Studio Version 17
VisualStudioVersion = 17.13.35919.96
MinimumVisualStudioVersion = 10.0.40219.1
Project("{FAE04EC0-301F-11D3-BF4B-00C04F79EFBC}") = "Booking-Microservice", "Booking-Microservice\Booking-Microservice.csproj", "{CDE50735-539B-4AF7-93C4-26AAF5EEF6A9}"
EndProject
Project("{FAE04EC0-301F-11D3-BF4B-00C04F79EFBC}") = "User-Microservice", "User-Microservice\User-Microservice.csproj", "{FCCF3830-AFFB-4584-BE22-064B01FDD764}"
EndProject
Project("{FAE04EC0-301F-11D3-BF4B-00C04F79EFBC}") = "API-Gateway", "API-Gateway\API-Gateway.csproj", "{4D7D222D-5968-48BB-80D8-1AFE1E6462FE}"
EndProject
Project("{FAE04EC0-301F-11D3-BF4B-00C04F79EFBC}") = "Paddle-Court-Microservice", "Paddle-Court-Microservice\Paddle-Court-Microservice.csproj", "{A8875AA2-E017-495C-9601-330F597D07A2}"
EndProject
Project("{FAE04EC0-301F-11D3-BF4B-00C04F79EFBC}") = "Padel-Court-Time-Slot-Microservice", "Padel-Court-Time-Slot-Microservice\Padel-Court-Time-Slot-Microservice.csproj", "{F1BA0134-82F8-4002-8E27-8AD6DC92A7DA}"
EndProject
Project("{FAE04EC0-301F-11D3-BF4B-00C04F79EFBC}") = "Shared-Contracts", "Shared-Contracts\Shared-Contracts.csproj", "{BAED68DC-A51E-4BD2-A97E-8B9EB1BCB378}"
EndProject
Global
	GlobalSection(SolutionConfigurationPlatforms) = preSolution
		Debug|Any CPU = Debug|Any CPU
		Release|Any CPU = Release|Any CPU
	EndGlobalSection
	GlobalSection(ProjectConfigurationPlatforms) = postSolution
		{CDE50735-539B-4AF7-93C4-26AAF5EEF6A9}.Debug|Any CPU.ActiveCfg = Debug|Any CPU
		{CDE50735-539B-4AF7-93C4-26AAF5EEF6A9}.Debug|Any CPU.Build.0 = Debug|Any CPU
		{CDE50735-539B-4AF7-93C4-26AAF5EEF6A9}.Release|Any CPU.ActiveCfg = Release|Any CPU
		{CDE50735-539B-4AF7-93C4-26AAF5EEF6A9}.Release|Any CPU.Build.0 = Release|Any CPU
		{FCCF3830-AFFB-4584-BE22-064B01FDD764}.Debug|Any CPU.ActiveCfg = Debug|Any CPU
		{FCCF3830-AFFB-4584-BE22-064B01FDD764}.Debug|Any CPU.Build.0 = Debug|Any CPU
		{FCCF3830-AFFB-4584-BE22-064B01FDD764}.Release|Any CPU.ActiveCfg = Release|Any CPU
		{FCCF3830-AFFB-4584-BE22-064B01FDD764}.Release|Any CPU.Build.0 = Release|Any CPU
		{4D7D222D-5968-48BB-80D8-1AFE1E6462FE}.Debug|Any CPU.ActiveCfg = Debug|Any CPU
		{4D7D222D-5968-48BB-80D8-1AFE1E6462FE}.Debug|Any CPU.Build.0 = Debug|Any CPU
		{4D7D222D-5968-48BB-80D8-1AFE1E6462FE}.Release|Any CPU.ActiveCfg = Release|Any CPU
		{4D7D222D-5968-48BB-80D8-1AFE1E6462FE}.Release|Any CPU.Build.0 = Release|Any CPU
		{A8875AA2-E017-495C-9601-330F597D07A2}.Debug|Any CPU.ActiveCfg = Debug|Any CPU
		{A8875AA2-E017-495C-9601-330F597D07A2}.Debug|Any CPU.Build.0 = Debug|Any CPU
		{A8875AA2-E017-495C-9601-330F597D07A2}.Release|Any CPU.ActiveCfg = Release|Any CPU
		{A8875AA2-E017-495C-9601-330F597D07A2}.Release|Any CPU.Build.0 = Release|Any CPU
		{F1BA0134-82F8-4002-8E27-8AD6DC92A7DA}.Debug|Any CPU.ActiveCfg = Debug|Any CPU
		{F1BA0134-82F8-4002-8E27-8AD6DC92A7DA}.Debug|Any CPU.Build.0 = Debug|Any CPU
		{F1BA0134-82F8-4002-8E27-8AD6DC92A7DA}.Release|Any CPU.ActiveCfg = Release|Any CPU
		{F1BA0134-82F8-4002-8E27-8AD6DC92A7DA}.Release|Any CPU.Build.0 = Release|Any CPU
		{BAED68DC-A51E-4BD2-A97E-8B9EB1BCB378}.Debug|Any CPU.ActiveCfg = Debug|Any CPU
		{BAED68DC-A51E-4BD2-A97E-8B9EB1BCB378}.Debug|Any CPU.Build.0 = Debug|Any CPU
		{BAED68DC-A51E-4BD2-A97E-8B9EB1BCB378}.Release|Any CPU.ActiveCfg = Release|Any CPU
		{BAED68DC-A51E-4BD2-A97E-8B9EB1BCB378}.Release|Any CPU.Build.0 = Release|Any CPU
	EndGlobalSection
	GlobalSection(SolutionProperties) = preSolution
		HideSolutionNode = FALSE
	EndGlobalSection
	GlobalSection(ExtensibilityGlobals) = postSolution
		SolutionGuid = {ED743E10-6353-4366-B1BE-E19450953780}
	EndGlobalSection
EndGlobal
